// !$*UTF8*$!
{
	archiveVersion = 1;
	classes = {
	};
	objectVersion = 55;
	objects = {

/* Begin PBXBuildFile section */
		721EADD82887DDD70098323C /* ManageeApp.swift in Sources */ = {isa = PBXBuildFile; fileRef = 721EADD72887DDD70098323C /* ManageeApp.swift */; };
		721EADDA2887DDD70098323C /* ContentView.swift in Sources */ = {isa = PBXBuildFile; fileRef = 721EADD92887DDD70098323C /* ContentView.swift */; };
		721EADDC2887DDD80098323C /* Assets.xcassets in Resources */ = {isa = PBXBuildFile; fileRef = 721EADDB2887DDD80098323C /* Assets.xcassets */; };
		721EADDF2887DDD80098323C /* Preview Assets.xcassets in Resources */ = {isa = PBXBuildFile; fileRef = 721EADDE2887DDD80098323C /* Preview Assets.xcassets */; };
		721EADE12887DDD80098323C /* Persistence.swift in Sources */ = {isa = PBXBuildFile; fileRef = 721EADE02887DDD80098323C /* Persistence.swift */; };
		721EADE42887DDD80098323C /* Managee.xcdatamodeld in Sources */ = {isa = PBXBuildFile; fileRef = 721EADE22887DDD80098323C /* Managee.xcdatamodeld */; };
		721EADEE2887DDD90098323C /* ManageeTests.swift in Sources */ = {isa = PBXBuildFile; fileRef = 721EADED2887DDD90098323C /* ManageeTests.swift */; };
		721EADF82887DDD90098323C /* ManageeUITests.swift in Sources */ = {isa = PBXBuildFile; fileRef = 721EADF72887DDD90098323C /* ManageeUITests.swift */; };
		721EADFA2887DDD90098323C /* ManageeUITestsLaunchTests.swift in Sources */ = {isa = PBXBuildFile; fileRef = 721EADF92887DDD90098323C /* ManageeUITestsLaunchTests.swift */; };
		721EAE092887E00D0098323C /* Home.swift in Sources */ = {isa = PBXBuildFile; fileRef = 721EAE082887E00D0098323C /* Home.swift */; };
		721EAE0B2887E4880098323C /* TaskViewModel.swift in Sources */ = {isa = PBXBuildFile; fileRef = 721EAE0A2887E4880098323C /* TaskViewModel.swift */; };
		721EAE0D2888FBFB0098323C /* AddNewTask.swift in Sources */ = {isa = PBXBuildFile; fileRef = 721EAE0C2888FBFB0098323C /* AddNewTask.swift */; };
/* End PBXBuildFile section */

/* Begin PBXContainerItemProxy section */
		721EADEA2887DDD90098323C /* PBXContainerItemProxy */ = {
			isa = PBXContainerItemProxy;
			containerPortal = 721EADCC2887DDD70098323C /* Project object */;
			proxyType = 1;
			remoteGlobalIDString = 721EADD32887DDD70098323C;
			remoteInfo = Managee;
		};
		721EADF42887DDD90098323C /* PBXContainerItemProxy */ = {
			isa = PBXContainerItemProxy;
			containerPortal = 721EADCC2887DDD70098323C /* Project object */;
			proxyType = 1;
			remoteGlobalIDString = 721EADD32887DDD70098323C;
			remoteInfo = Managee;
		};
/* End PBXContainerItemProxy section */

/* Begin PBXFileReference section */
		721EADD42887DDD70098323C /* Managee.app */ = {isa = PBXFileReference; explicitFileType = wrapper.application; includeInIndex = 0; path = Managee.app; sourceTree = BUILT_PRODUCTS_DIR; };
		721EADD72887DDD70098323C /* ManageeApp.swift */ = {isa = PBXFileReference; lastKnownFileType = sourcecode.swift; path = ManageeApp.swift; sourceTree = "<group>"; };
		721EADD92887DDD70098323C /* ContentView.swift */ = {isa = PBXFileReference; lastKnownFileType = sourcecode.swift; path = ContentView.swift; sourceTree = "<group>"; };
		721EADDB2887DDD80098323C /* Assets.xcassets */ = {isa = PBXFileReference; lastKnownFileType = folder.assetcatalog; path = Assets.xcassets; sourceTree = "<group>"; };
		721EADDE2887DDD80098323C /* Preview Assets.xcassets */ = {isa = PBXFileReference; lastKnownFileType = folder.assetcatalog; path = "Preview Assets.xcassets"; sourceTree = "<group>"; };
		721EADE02887DDD80098323C /* Persistence.swift */ = {isa = PBXFileReference; lastKnownFileType = sourcecode.swift; path = Persistence.swift; sourceTree = "<group>"; };
		721EADE32887DDD80098323C /* Managee.xcdatamodel */ = {isa = PBXFileReference; lastKnownFileType = wrapper.xcdatamodel; path = Managee.xcdatamodel; sourceTree = "<group>"; };
		721EADE92887DDD90098323C /* ManageeTests.xctest */ = {isa = PBXFileReference; explicitFileType = wrapper.cfbundle; includeInIndex = 0; path = ManageeTests.xctest; sourceTree = BUILT_PRODUCTS_DIR; };
		721EADED2887DDD90098323C /* ManageeTests.swift */ = {isa = PBXFileReference; lastKnownFileType = sourcecode.swift; path = ManageeTests.swift; sourceTree = "<group>"; };
		721EADF32887DDD90098323C /* ManageeUITests.xctest */ = {isa = PBXFileReference; explicitFileType = wrapper.cfbundle; includeInIndex = 0; path = ManageeUITests.xctest; sourceTree = BUILT_PRODUCTS_DIR; };
		721EADF72887DDD90098323C /* ManageeUITests.swift */ = {isa = PBXFileReference; lastKnownFileType = sourcecode.swift; path = ManageeUITests.swift; sourceTree = "<group>"; };
		721EADF92887DDD90098323C /* ManageeUITestsLaunchTests.swift */ = {isa = PBXFileReference; lastKnownFileType = sourcecode.swift; path = ManageeUITestsLaunchTests.swift; sourceTree = "<group>"; };
		721EAE082887E00D0098323C /* Home.swift */ = {isa = PBXFileReference; lastKnownFileType = sourcecode.swift; path = Home.swift; sourceTree = "<group>"; };
		721EAE0A2887E4880098323C /* TaskViewModel.swift */ = {isa = PBXFileReference; lastKnownFileType = sourcecode.swift; path = TaskViewModel.swift; sourceTree = "<group>"; };
		721EAE0C2888FBFB0098323C /* AddNewTask.swift */ = {isa = PBXFileReference; lastKnownFileType = sourcecode.swift; path = AddNewTask.swift; sourceTree = "<group>"; };
/* End PBXFileReference section */

/* Begin PBXFrameworksBuildPhase section */
		721EADD12887DDD70098323C /* Frameworks */ = {
			isa = PBXFrameworksBuildPhase;
			buildActionMask = 2147483647;
			files = (
			);
			runOnlyForDeploymentPostprocessing = 0;
		};
		721EADE62887DDD90098323C /* Frameworks */ = {
			isa = PBXFrameworksBuildPhase;
			buildActionMask = 2147483647;
			files = (
			);
			runOnlyForDeploymentPostprocessing = 0;
		};
		721EADF02887DDD90098323C /* Frameworks */ = {
			isa = PBXFrameworksBuildPhase;
			buildActionMask = 2147483647;
			files = (
			);
			runOnlyForDeploymentPostprocessing = 0;
		};
/* End PBXFrameworksBuildPhase section */

/* Begin PBXGroup section */
		721EADCB2887DDD70098323C = {
			isa = PBXGroup;
			children = (
				721EADD62887DDD70098323C /* Managee */,
				721EADEC2887DDD90098323C /* ManageeTests */,
				721EADF62887DDD90098323C /* ManageeUITests */,
				721EADD52887DDD70098323C /* Products */,
			);
			sourceTree = "<group>";
		};
		721EADD52887DDD70098323C /* Products */ = {
			isa = PBXGroup;
			children = (
				721EADD42887DDD70098323C /* Managee.app */,
				721EADE92887DDD90098323C /* ManageeTests.xctest */,
				721EADF32887DDD90098323C /* ManageeUITests.xctest */,
			);
			name = Products;
			sourceTree = "<group>";
		};
		721EADD62887DDD70098323C /* Managee */ = {
			isa = PBXGroup;
			children = (
				721EAE072887DFD60098323C /* View-Model */,
				721EAE062887DFC10098323C /* View */,
				721EADD72887DDD70098323C /* ManageeApp.swift */,
				721EADD92887DDD70098323C /* ContentView.swift */,
				721EADDB2887DDD80098323C /* Assets.xcassets */,
				721EADE02887DDD80098323C /* Persistence.swift */,
				721EADE22887DDD80098323C /* Managee.xcdatamodeld */,
				721EADDD2887DDD80098323C /* Preview Content */,
			);
			path = Managee;
			sourceTree = "<group>";
		};
		721EADDD2887DDD80098323C /* Preview Content */ = {
			isa = PBXGroup;
			children = (
				721EADDE2887DDD80098323C /* Preview Assets.xcassets */,
			);
			path = "Preview Content";
			sourceTree = "<group>";
		};
		721EADEC2887DDD90098323C /* ManageeTests */ = {
			isa = PBXGroup;
			children = (
				721EADED2887DDD90098323C /* ManageeTests.swift */,
			);
			path = ManageeTests;
			sourceTree = "<group>";
		};
		721EADF62887DDD90098323C /* ManageeUITests */ = {
			isa = PBXGroup;
			children = (
				721EADF72887DDD90098323C /* ManageeUITests.swift */,
				721EADF92887DDD90098323C /* ManageeUITestsLaunchTests.swift */,
			);
			path = ManageeUITests;
			sourceTree = "<group>";
		};
		721EAE062887DFC10098323C /* View */ = {
			isa = PBXGroup;
			children = (
				721EAE082887E00D0098323C /* Home.swift */,
				721EAE0C2888FBFB0098323C /* AddNewTask.swift */,
			);
			path = View;
			sourceTree = "<group>";
		};
		721EAE072887DFD60098323C /* View-Model */ = {
			isa = PBXGroup;
			children = (
				721EAE0A2887E4880098323C /* TaskViewModel.swift */,
			);
			path = "View-Model";
			sourceTree = "<group>";
		};
/* End PBXGroup section */

/* Begin PBXNativeTarget section */
		721EADD32887DDD70098323C /* Managee */ = {
			isa = PBXNativeTarget;
			buildConfigurationList = 721EADFD2887DDD90098323C /* Build configuration list for PBXNativeTarget "Managee" */;
			buildPhases = (
				721EADD02887DDD70098323C /* Sources */,
				721EADD12887DDD70098323C /* Frameworks */,
				721EADD22887DDD70098323C /* Resources */,
			);
			buildRules = (
			);
			dependencies = (
			);
			name = Managee;
			productName = Managee;
			productReference = 721EADD42887DDD70098323C /* Managee.app */;
			productType = "com.apple.product-type.application";
		};
		721EADE82887DDD90098323C /* ManageeTests */ = {
			isa = PBXNativeTarget;
			buildConfigurationList = 721EAE002887DDD90098323C /* Build configuration list for PBXNativeTarget "ManageeTests" */;
			buildPhases = (
				721EADE52887DDD90098323C /* Sources */,
				721EADE62887DDD90098323C /* Frameworks */,
				721EADE72887DDD90098323C /* Resources */,
			);
			buildRules = (
			);
			dependencies = (
				721EADEB2887DDD90098323C /* PBXTargetDependency */,
			);
			name = ManageeTests;
			productName = ManageeTests;
			productReference = 721EADE92887DDD90098323C /* ManageeTests.xctest */;
			productType = "com.apple.product-type.bundle.unit-test";
		};
		721EADF22887DDD90098323C /* ManageeUITests */ = {
			isa = PBXNativeTarget;
			buildConfigurationList = 721EAE032887DDD90098323C /* Build configuration list for PBXNativeTarget "ManageeUITests" */;
			buildPhases = (
				721EADEF2887DDD90098323C /* Sources */,
				721EADF02887DDD90098323C /* Frameworks */,
				721EADF12887DDD90098323C /* Resources */,
			);
			buildRules = (
			);
			dependencies = (
				721EADF52887DDD90098323C /* PBXTargetDependency */,
			);
			name = ManageeUITests;
			productName = ManageeUITests;
			productReference = 721EADF32887DDD90098323C /* ManageeUITests.xctest */;
			productType = "com.apple.product-type.bundle.ui-testing";
		};
/* End PBXNativeTarget section */

/* Begin PBXProject section */
		721EADCC2887DDD70098323C /* Project object */ = {
			isa = PBXProject;
			attributes = {
				BuildIndependentTargetsInParallel = 1;
				LastSwiftUpdateCheck = 1340;
				LastUpgradeCheck = 1340;
				TargetAttributes = {
					721EADD32887DDD70098323C = {
						CreatedOnToolsVersion = 13.4.1;
					};
					721EADE82887DDD90098323C = {
						CreatedOnToolsVersion = 13.4.1;
						TestTargetID = 721EADD32887DDD70098323C;
					};
					721EADF22887DDD90098323C = {
						CreatedOnToolsVersion = 13.4.1;
						TestTargetID = 721EADD32887DDD70098323C;
					};
				};
			};
			buildConfigurationList = 721EADCF2887DDD70098323C /* Build configuration list for PBXProject "Managee" */;
			compatibilityVersion = "Xcode 13.0";
			developmentRegion = en;
			hasScannedForEncodings = 0;
			knownRegions = (
				en,
				Base,
			);
			mainGroup = 721EADCB2887DDD70098323C;
			productRefGroup = 721EADD52887DDD70098323C /* Products */;
			projectDirPath = "";
			projectRoot = "";
			targets = (
				721EADD32887DDD70098323C /* Managee */,
				721EADE82887DDD90098323C /* ManageeTests */,
				721EADF22887DDD90098323C /* ManageeUITests */,
			);
		};
/* End PBXProject section */

/* Begin PBXResourcesBuildPhase section */
		721EADD22887DDD70098323C /* Resources */ = {
			isa = PBXResourcesBuildPhase;
			buildActionMask = 2147483647;
			files = (
				721EADDF2887DDD80098323C /* Preview Assets.xcassets in Resources */,
				721EADDC2887DDD80098323C /* Assets.xcassets in Resources */,
			);
			runOnlyForDeploymentPostprocessing = 0;
		};
		721EADE72887DDD90098323C /* Resources */ = {
			isa = PBXResourcesBuildPhase;
			buildActionMask = 2147483647;
			files = (
			);
			runOnlyForDeploymentPostprocessing = 0;
		};
		721EADF12887DDD90098323C /* Resources */ = {
			isa = PBXResourcesBuildPhase;
			buildActionMask = 2147483647;
			files = (
			);
			runOnlyForDeploymentPostprocessing = 0;
		};
/* End PBXResourcesBuildPhase section */

/* Begin PBXSourcesBuildPhase section */
		721EADD02887DDD70098323C /* Sources */ = {
			isa = PBXSourcesBuildPhase;
			buildActionMask = 2147483647;
			files = (
				721EADE12887DDD80098323C /* Persistence.swift in Sources */,
				721EAE0B2887E4880098323C /* TaskViewModel.swift in Sources */,
				721EADDA2887DDD70098323C /* ContentView.swift in Sources */,
				721EAE092887E00D0098323C /* Home.swift in Sources */,
				721EAE0D2888FBFB0098323C /* AddNewTask.swift in Sources */,
				721EADE42887DDD80098323C /* Managee.xcdatamodeld in Sources */,
				721EADD82887DDD70098323C /* ManageeApp.swift in Sources */,
			);
			runOnlyForDeploymentPostprocessing = 0;
		};
		721EADE52887DDD90098323C /* Sources */ = {
			isa = PBXSourcesBuildPhase;
			buildActionMask = 2147483647;
			files = (
				721EADEE2887DDD90098323C /* ManageeTests.swift in Sources */,
			);
			runOnlyForDeploymentPostprocessing = 0;
		};
		721EADEF2887DDD90098323C /* Sources */ = {
			isa = PBXSourcesBuildPhase;
			buildActionMask = 2147483647;
			files = (
				721EADF82887DDD90098323C /* ManageeUITests.swift in Sources */,
				721EADFA2887DDD90098323C /* ManageeUITestsLaunchTests.swift in Sources */,
			);
			runOnlyForDeploymentPostprocessing = 0;
		};
/* End PBXSourcesBuildPhase section */

/* Begin PBXTargetDependency section */
		721EADEB2887DDD90098323C /* PBXTargetDependency */ = {
			isa = PBXTargetDependency;
			target = 721EADD32887DDD70098323C /* Managee */;
			targetProxy = 721EADEA2887DDD90098323C /* PBXContainerItemProxy */;
		};
		721EADF52887DDD90098323C /* PBXTargetDependency */ = {
			isa = PBXTargetDependency;
			target = 721EADD32887DDD70098323C /* Managee */;
			targetProxy = 721EADF42887DDD90098323C /* PBXContainerItemProxy */;
		};
/* End PBXTargetDependency section */

/* Begin XCBuildConfiguration section */
		721EADFB2887DDD90098323C /* Debug */ = {
			isa = XCBuildConfiguration;
			buildSettings = {
				ALWAYS_SEARCH_USER_PATHS = NO;
				CLANG_ANALYZER_NONNULL = YES;
				CLANG_ANALYZER_NUMBER_OBJECT_CONVERSION = YES_AGGRESSIVE;
				CLANG_CXX_LANGUAGE_STANDARD = "gnu++17";
				CLANG_ENABLE_MODULES = YES;
				CLANG_ENABLE_OBJC_ARC = YES;
				CLANG_ENABLE_OBJC_WEAK = YES;
				CLANG_WARN_BLOCK_CAPTURE_AUTORELEASING = YES;
				CLANG_WARN_BOOL_CONVERSION = YES;
				CLANG_WARN_COMMA = YES;
				CLANG_WARN_CONSTANT_CONVERSION = YES;
				CLANG_WARN_DEPRECATED_OBJC_IMPLEMENTATIONS = YES;
				CLANG_WARN_DIRECT_OBJC_ISA_USAGE = YES_ERROR;
				CLANG_WARN_DOCUMENTATION_COMMENTS = YES;
				CLANG_WARN_EMPTY_BODY = YES;
				CLANG_WARN_ENUM_CONVERSION = YES;
				CLANG_WARN_INFINITE_RECURSION = YES;
				CLANG_WARN_INT_CONVERSION = YES;
				CLANG_WARN_NON_LITERAL_NULL_CONVERSION = YES;
				CLANG_WARN_OBJC_IMPLICIT_RETAIN_SELF = YES;
				CLANG_WARN_OBJC_LITERAL_CONVERSION = YES;
				CLANG_WARN_OBJC_ROOT_CLASS = YES_ERROR;
				CLANG_WARN_QUOTED_INCLUDE_IN_FRAMEWORK_HEADER = YES;
				CLANG_WARN_RANGE_LOOP_ANALYSIS = YES;
				CLANG_WARN_STRICT_PROTOTYPES = YES;
				CLANG_WARN_SUSPICIOUS_MOVE = YES;
				CLANG_WARN_UNGUARDED_AVAILABILITY = YES_AGGRESSIVE;
				CLANG_WARN_UNREACHABLE_CODE = YES;
				CLANG_WARN__DUPLICATE_METHOD_MATCH = YES;
				COPY_PHASE_STRIP = NO;
				DEBUG_INFORMATION_FORMAT = dwarf;
				ENABLE_STRICT_OBJC_MSGSEND = YES;
				ENABLE_TESTABILITY = YES;
				GCC_C_LANGUAGE_STANDARD = gnu11;
				GCC_DYNAMIC_NO_PIC = NO;
				GCC_NO_COMMON_BLOCKS = YES;
				GCC_OPTIMIZATION_LEVEL = 0;
				GCC_PREPROCESSOR_DEFINITIONS = (
					"DEBUG=1",
					"$(inherited)",
				);
				GCC_WARN_64_TO_32_BIT_CONVERSION = YES;
				GCC_WARN_ABOUT_RETURN_TYPE = YES_ERROR;
				GCC_WARN_UNDECLARED_SELECTOR = YES;
				GCC_WARN_UNINITIALIZED_AUTOS = YES_AGGRESSIVE;
				GCC_WARN_UNUSED_FUNCTION = YES;
				GCC_WARN_UNUSED_VARIABLE = YES;
				IPHONEOS_DEPLOYMENT_TARGET = 15.5;
				MTL_ENABLE_DEBUG_INFO = INCLUDE_SOURCE;
				MTL_FAST_MATH = YES;
				ONLY_ACTIVE_ARCH = YES;
				SDKROOT = iphoneos;
				SWIFT_ACTIVE_COMPILATION_CONDITIONS = DEBUG;
				SWIFT_OPTIMIZATION_LEVEL = "-Onone";
			};
			name = Debug;
		};
		721EADFC2887DDD90098323C /* Release */ = {
			isa = XCBuildConfiguration;
			buildSettings = {
				ALWAYS_SEARCH_USER_PATHS = NO;
				CLANG_ANALYZER_NONNULL = YES;
				CLANG_ANALYZER_NUMBER_OBJECT_CONVERSION = YES_AGGRESSIVE;
				CLANG_CXX_LANGUAGE_STANDARD = "gnu++17";
				CLANG_ENABLE_MODULES = YES;
				CLANG_ENABLE_OBJC_ARC = YES;
				CLANG_ENABLE_OBJC_WEAK = YES;
				CLANG_WARN_BLOCK_CAPTURE_AUTORELEASING = YES;
				CLANG_WARN_BOOL_CONVERSION = YES;
				CLANG_WARN_COMMA = YES;
				CLANG_WARN_CONSTANT_CONVERSION = YES;
				CLANG_WARN_DEPRECATED_OBJC_IMPLEMENTATIONS = YES;
				CLANG_WARN_DIRECT_OBJC_ISA_USAGE = YES_ERROR;
				CLANG_WARN_DOCUMENTATION_COMMENTS = YES;
				CLANG_WARN_EMPTY_BODY = YES;
				CLANG_WARN_ENUM_CONVERSION = YES;
				CLANG_WARN_INFINITE_RECURSION = YES;
				CLANG_WARN_INT_CONVERSION = YES;
				CLANG_WARN_NON_LITERAL_NULL_CONVERSION = YES;
				CLANG_WARN_OBJC_IMPLICIT_RETAIN_SELF = YES;
				CLANG_WARN_OBJC_LITERAL_CONVERSION = YES;
				CLANG_WARN_OBJC_ROOT_CLASS = YES_ERROR;
				CLANG_WARN_QUOTED_INCLUDE_IN_FRAMEWORK_HEADER = YES;
				CLANG_WARN_RANGE_LOOP_ANALYSIS = YES;
				CLANG_WARN_STRICT_PROTOTYPES = YES;
				CLANG_WARN_SUSPICIOUS_MOVE = YES;
				CLANG_WARN_UNGUARDED_AVAILABILITY = YES_AGGRESSIVE;
				CLANG_WARN_UNREACHABLE_CODE = YES;
				CLANG_WARN__DUPLICATE_METHOD_MATCH = YES;
				COPY_PHASE_STRIP = NO;
				DEBUG_INFORMATION_FORMAT = "dwarf-with-dsym";
				ENABLE_NS_ASSERTIONS = NO;
				ENABLE_STRICT_OBJC_MSGSEND = YES;
				GCC_C_LANGUAGE_STANDARD = gnu11;
				GCC_NO_COMMON_BLOCKS = YES;
				GCC_WARN_64_TO_32_BIT_CONVERSION = YES;
				GCC_WARN_ABOUT_RETURN_TYPE = YES_ERROR;
				GCC_WARN_UNDECLARED_SELECTOR = YES;
				GCC_WARN_UNINITIALIZED_AUTOS = YES_AGGRESSIVE;
				GCC_WARN_UNUSED_FUNCTION = YES;
				GCC_WARN_UNUSED_VARIABLE = YES;
				IPHONEOS_DEPLOYMENT_TARGET = 15.5;
				MTL_ENABLE_DEBUG_INFO = NO;
				MTL_FAST_MATH = YES;
				SDKROOT = iphoneos;
				SWIFT_COMPILATION_MODE = wholemodule;
				SWIFT_OPTIMIZATION_LEVEL = "-O";
				VALIDATE_PRODUCT = YES;
			};
			name = Release;
		};
		721EADFE2887DDD90098323C /* Debug */ = {
			isa = XCBuildConfiguration;
			buildSettings = {
				ASSETCATALOG_COMPILER_APPICON_NAME = AppIcon;
				ASSETCATALOG_COMPILER_GLOBAL_ACCENT_COLOR_NAME = AccentColor;
				CODE_SIGN_STYLE = Automatic;
				CURRENT_PROJECT_VERSION = 1;
				DEVELOPMENT_ASSET_PATHS = "\"Managee/Preview Content\"";
				ENABLE_PREVIEWS = YES;
				GENERATE_INFOPLIST_FILE = YES;
				INFOPLIST_KEY_UIApplicationSceneManifest_Generation = YES;
				INFOPLIST_KEY_UIApplicationSupportsIndirectInputEvents = YES;
				INFOPLIST_KEY_UILaunchScreen_Generation = YES;
				INFOPLIST_KEY_UISupportedInterfaceOrientations_iPad = "UIInterfaceOrientationPortrait UIInterfaceOrientationPortraitUpsideDown UIInterfaceOrientationLandscapeLeft UIInterfaceOrientationLandscapeRight";
				INFOPLIST_KEY_UISupportedInterfaceOrientations_iPhone = "UIInterfaceOrientationPortrait UIInterfaceOrientationLandscapeLeft UIInterfaceOrientationLandscapeRight";
				LD_RUNPATH_SEARCH_PATHS = (
					"$(inherited)",
					"@executable_path/Frameworks",
				);
				MARKETING_VERSION = 1.0;
				PRODUCT_BUNDLE_IDENTIFIER = ADA.Managee;
				PRODUCT_NAME = "$(TARGET_NAME)";
				SWIFT_EMIT_LOC_STRINGS = YES;
				SWIFT_VERSION = 5.0;
				TARGETED_DEVICE_FAMILY = "1,2";
			};
			name = Debug;
		};
		721EADFF2887DDD90098323C /* Release */ = {
			isa = XCBuildConfiguration;
			buildSettings = {
				ASSETCATALOG_COMPILER_APPICON_NAME = AppIcon;
				ASSETCATALOG_COMPILER_GLOBAL_ACCENT_COLOR_NAME = AccentColor;
				CODE_SIGN_STYLE = Automatic;
				CURRENT_PROJECT_VERSION = 1;
				DEVELOPMENT_ASSET_PATHS = "\"Managee/Preview Content\"";
				ENABLE_PREVIEWS = YES;
				GENERATE_INFOPLIST_FILE = YES;
				INFOPLIST_KEY_UIApplicationSceneManifest_Generation = YES;
				INFOPLIST_KEY_UIApplicationSupportsIndirectInputEvents = YES;
				INFOPLIST_KEY_UILaunchScreen_Generation = YES;
				INFOPLIST_KEY_UISupportedInterfaceOrientations_iPad = "UIInterfaceOrientationPortrait UIInterfaceOrientationPortraitUpsideDown UIInterfaceOrientationLandscapeLeft UIInterfaceOrientationLandscapeRight";
				INFOPLIST_KEY_UISupportedInterfaceOrientations_iPhone = "UIInterfaceOrientationPortrait UIInterfaceOrientationLandscapeLeft UIInterfaceOrientationLandscapeRight";
				LD_RUNPATH_SEARCH_PATHS = (
					"$(inherited)",
					"@executable_path/Frameworks",
				);
				MARKETING_VERSION = 1.0;
				PRODUCT_BUNDLE_IDENTIFIER = ADA.Managee;
				PRODUCT_NAME = "$(TARGET_NAME)";
				SWIFT_EMIT_LOC_STRINGS = YES;
				SWIFT_VERSION = 5.0;
				TARGETED_DEVICE_FAMILY = "1,2";
			};
			name = Release;
		};
		721EAE012887DDD90098323C /* Debug */ = {
			isa = XCBuildConfiguration;
			buildSettings = {
				ALWAYS_EMBED_SWIFT_STANDARD_LIBRARIES = YES;
				BUNDLE_LOADER = "$(TEST_HOST)";
				CODE_SIGN_STYLE = Automatic;
				CURRENT_PROJECT_VERSION = 1;
				GENERATE_INFOPLIST_FILE = YES;
				IPHONEOS_DEPLOYMENT_TARGET = 15.5;
				MARKETING_VERSION = 1.0;
				PRODUCT_BUNDLE_IDENTIFIER = ADA.ManageeTests;
				PRODUCT_NAME = "$(TARGET_NAME)";
				SWIFT_EMIT_LOC_STRINGS = NO;
				SWIFT_VERSION = 5.0;
				TARGETED_DEVICE_FAMILY = "1,2";
				TEST_HOST = "$(BUILT_PRODUCTS_DIR)/Managee.app/Managee";
			};
			name = Debug;
		};
		721EAE022887DDD90098323C /* Release */ = {
			isa = XCBuildConfiguration;
			buildSettings = {
				ALWAYS_EMBED_SWIFT_STANDARD_LIBRARIES = YES;
				BUNDLE_LOADER = "$(TEST_HOST)";
				CODE_SIGN_STYLE = Automatic;
				CURRENT_PROJECT_VERSION = 1;
				GENERATE_INFOPLIST_FILE = YES;
				IPHONEOS_DEPLOYMENT_TARGET = 15.5;
				MARKETING_VERSION = 1.0;
				PRODUCT_BUNDLE_IDENTIFIER = ADA.ManageeTests;
				PRODUCT_NAME = "$(TARGET_NAME)";
				SWIFT_EMIT_LOC_STRINGS = NO;
				SWIFT_VERSION = 5.0;
				TARGETED_DEVICE_FAMILY = "1,2";
				TEST_HOST = "$(BUILT_PRODUCTS_DIR)/Managee.app/Managee";
			};
			name = Release;
		};
		721EAE042887DDD90098323C /* Debug */ = {
			isa = XCBuildConfiguration;
			buildSettings = {
				ALWAYS_EMBED_SWIFT_STANDARD_LIBRARIES = YES;
				CODE_SIGN_STYLE = Automatic;
				CURRENT_PROJECT_VERSION = 1;
				GENERATE_INFOPLIST_FILE = YES;
				MARKETING_VERSION = 1.0;
				PRODUCT_BUNDLE_IDENTIFIER = ADA.ManageeUITests;
				PRODUCT_NAME = "$(TARGET_NAME)";
				SWIFT_EMIT_LOC_STRINGS = NO;
				SWIFT_VERSION = 5.0;
				TARGETED_DEVICE_FAMILY = "1,2";
				TEST_TARGET_NAME = Managee;
			};
			name = Debug;
		};
		721EAE052887DDD90098323C /* Release */ = {
			isa = XCBuildConfiguration;
			buildSettings = {
				ALWAYS_EMBED_SWIFT_STANDARD_LIBRARIES = YES;
				CODE_SIGN_STYLE = Automatic;
				CURRENT_PROJECT_VERSION = 1;
				GENERATE_INFOPLIST_FILE = YES;
				MARKETING_VERSION = 1.0;
				PRODUCT_BUNDLE_IDENTIFIER = ADA.ManageeUITests;
				PRODUCT_NAME = "$(TARGET_NAME)";
				SWIFT_EMIT_LOC_STRINGS = NO;
				SWIFT_VERSION = 5.0;
				TARGETED_DEVICE_FAMILY = "1,2";
				TEST_TARGET_NAME = Managee;
			};
			name = Release;
		};
/* End XCBuildConfiguration section */

/* Begin XCConfigurationList section */
		721EADCF2887DDD70098323C /* Build configuration list for PBXProject "Managee" */ = {
			isa = XCConfigurationList;
			buildConfigurations = (
				721EADFB2887DDD90098323C /* Debug */,
				721EADFC2887DDD90098323C /* Release */,
			);
			defaultConfigurationIsVisible = 0;
			defaultConfigurationName = Release;
		};
		721EADFD2887DDD90098323C /* Build configuration list for PBXNativeTarget "Managee" */ = {
			isa = XCConfigurationList;
			buildConfigurations = (
				721EADFE2887DDD90098323C /* Debug */,
				721EADFF2887DDD90098323C /* Release */,
			);
			defaultConfigurationIsVisible = 0;
			defaultConfigurationName = Release;
		};
		721EAE002887DDD90098323C /* Build configuration list for PBXNativeTarget "ManageeTests" */ = {
			isa = XCConfigurationList;
			buildConfigurations = (
				721EAE012887DDD90098323C /* Debug */,
				721EAE022887DDD90098323C /* Release */,
			);
			defaultConfigurationIsVisible = 0;
			defaultConfigurationName = Release;
		};
		721EAE032887DDD90098323C /* Build configuration list for PBXNativeTarget "ManageeUITests" */ = {
			isa = XCConfigurationList;
			buildConfigurations = (
				721EAE042887DDD90098323C /* Debug */,
				721EAE052887DDD90098323C /* Release */,
			);
			defaultConfigurationIsVisible = 0;
			defaultConfigurationName = Release;
		};
/* End XCConfigurationList section */

/* Begin XCVersionGroup section */
		721EADE22887DDD80098323C /* Managee.xcdatamodeld */ = {
			isa = XCVersionGroup;
			children = (
				721EADE32887DDD80098323C /* Managee.xcdatamodel */,
			);
			currentVersion = 721EADE32887DDD80098323C /* Managee.xcdatamodel */;
			path = Managee.xcdatamodeld;
			sourceTree = "<group>";
			versionGroupType = wrapper.xcdatamodel;
		};
/* End XCVersionGroup section */
	};
	rootObject = 721EADCC2887DDD70098323C /* Project object */;
}
